
Microsoft Visual Studio Solution File, Format Version 12.00
# Visual Studio 15
VisualStudioVersion = 15.0.27130.2036
MinimumVisualStudioVersion = 10.0.40219.1
Project("{9A19103F-16F7-4668-BE54-9A1E7A4F7556}") = "ChatApplication", "ChatApplication\ChatApplication.csproj", "{C64533FC-4066-438D-9297-BDF1150B3F9A}"
EndProject
Project("{9A19103F-16F7-4668-BE54-9A1E7A4F7556}") = "EchoConsoleClient", "EchoConsoleClient\EchoConsoleClient.csproj", "{DDE2DC69-2CD5-4C4F-98D3-3609942A6E63}"
EndProject
Project("{9A19103F-16F7-4668-BE54-9A1E7A4F7556}") = "MvcSample", "MvcSample\MvcSample.csproj", "{89A1D156-DE58-4C80-B8C3-B1B389764D95}"
EndProject
Project("{9A19103F-16F7-4668-BE54-9A1E7A4F7556}") = "WebSocketManager", "..\src\WebSocketManager\WebSocketManager.csproj", "{9D92BAD3-058A-452C-8701-C0E7C3AE268E}"
EndProject
Project("{9A19103F-16F7-4668-BE54-9A1E7A4F7556}") = "WebSocketManager.Common", "..\src\WebSocketManager.Common\WebSocketManager.Common.csproj", "{2A5BA455-1A0F-4B36-998D-0FBDBCF69137}"
EndProject
Project("{9A19103F-16F7-4668-BE54-9A1E7A4F7556}") = "WebSocketManager.Client", "..\src\WebSocketManager.Client\WebSocketManager.Client.csproj", "{818BF6BF-9F97-47E5-8AFC-77E3EDA2A5C9}"
EndProject
Global
	GlobalSection(SolutionConfigurationPlatforms) = preSolution
		Debug|Any CPU = Debug|Any CPU
		Debug|x64 = Debug|x64
		Debug|x86 = Debug|x86
		Release|Any CPU = Release|Any CPU
		Release|x64 = Release|x64
		Release|x86 = Release|x86
	EndGlobalSection
	GlobalSection(ProjectConfigurationPlatforms) = postSolution
		{C64533FC-4066-438D-9297-BDF1150B3F9A}.Debug|Any CPU.ActiveCfg = Debug|Any CPU
		{C64533FC-4066-438D-9297-BDF1150B3F9A}.Debug|Any CPU.Build.0 = Debug|Any CPU
		{C64533FC-4066-438D-9297-BDF1150B3F9A}.Debug|x64.ActiveCfg = Debug|Any CPU
		{C64533FC-4066-438D-9297-BDF1150B3F9A}.Debug|x64.Build.0 = Debug|Any CPU
		{C64533FC-4066-438D-9297-BDF1150B3F9A}.Debug|x86.ActiveCfg = Debug|Any CPU
		{C64533FC-4066-438D-9297-BDF1150B3F9A}.Debug|x86.Build.0 = Debug|Any CPU
		{C64533FC-4066-438D-9297-BDF1150B3F9A}.Release|Any CPU.ActiveCfg = Release|Any CPU
		{C64533FC-4066-438D-9297-BDF1150B3F9A}.Release|Any CPU.Build.0 = Release|Any CPU
		{C64533FC-4066-438D-9297-BDF1150B3F9A}.Release|x64.ActiveCfg = Release|Any CPU
		{C64533FC-4066-438D-9297-BDF1150B3F9A}.Release|x64.Build.0 = Release|Any CPU
		{C64533FC-4066-438D-9297-BDF1150B3F9A}.Release|x86.ActiveCfg = Release|Any CPU
		{C64533FC-4066-438D-9297-BDF1150B3F9A}.Release|x86.Build.0 = Release|Any CPU
		{DDE2DC69-2CD5-4C4F-98D3-3609942A6E63}.Debug|Any CPU.ActiveCfg = Debug|Any CPU
		{DDE2DC69-2CD5-4C4F-98D3-3609942A6E63}.Debug|Any CPU.Build.0 = Debug|Any CPU
		{DDE2DC69-2CD5-4C4F-98D3-3609942A6E63}.Debug|x64.ActiveCfg = Debug|Any CPU
		{DDE2DC69-2CD5-4C4F-98D3-3609942A6E63}.Debug|x64.Build.0 = Debug|Any CPU
		{DDE2DC69-2CD5-4C4F-98D3-3609942A6E63}.Debug|x86.ActiveCfg = Debug|Any CPU
		{DDE2DC69-2CD5-4C4F-98D3-3609942A6E63}.Debug|x86.Build.0 = Debug|Any CPU
		{DDE2DC69-2CD5-4C4F-98D3-3609942A6E63}.Release|Any CPU.ActiveCfg = Release|Any CPU
		{DDE2DC69-2CD5-4C4F-98D3-3609942A6E63}.Release|Any CPU.Build.0 = Release|Any CPU
		{DDE2DC69-2CD5-4C4F-98D3-3609942A6E63}.Release|x64.ActiveCfg = Release|Any CPU
		{DDE2DC69-2CD5-4C4F-98D3-3609942A6E63}.Release|x64.Build.0 = Release|Any CPU
		{DDE2DC69-2CD5-4C4F-98D3-3609942A6E63}.Release|x86.ActiveCfg = Release|Any CPU
		{DDE2DC69-2CD5-4C4F-98D3-3609942A6E63}.Release|x86.Build.0 = Release|Any CPU
		{89A1D156-DE58-4C80-B8C3-B1B389764D95}.Debug|Any CPU.ActiveCfg = Debug|Any CPU
		{89A1D156-DE58-4C80-B8C3-B1B389764D95}.Debug|Any CPU.Build.0 = Debug|Any CPU
		{89A1D156-DE58-4C80-B8C3-B1B389764D95}.Debug|x64.ActiveCfg = Debug|Any CPU
		{89A1D156-DE58-4C80-B8C3-B1B389764D95}.Debug|x64.Build.0 = Debug|Any CPU
		{89A1D156-DE58-4C80-B8C3-B1B389764D95}.Debug|x86.ActiveCfg = Debug|Any CPU
		{89A1D156-DE58-4C80-B8C3-B1B389764D95}.Debug|x86.Build.0 = Debug|Any CPU
		{89A1D156-DE58-4C80-B8C3-B1B389764D95}.Release|Any CPU.ActiveCfg = Release|Any CPU
		{89A1D156-DE58-4C80-B8C3-B1B389764D95}.Release|Any CPU.Build.0 = Release|Any CPU
		{89A1D156-DE58-4C80-B8C3-B1B389764D95}.Release|x64.ActiveCfg = Release|Any CPU
		{89A1D156-DE58-4C80-B8C3-B1B389764D95}.Release|x64.Build.0 = Release|Any CPU
		{89A1D156-DE58-4C80-B8C3-B1B389764D95}.Release|x86.ActiveCfg = Release|Any CPU
		{89A1D156-DE58-4C80-B8C3-B1B389764D95}.Release|x86.Build.0 = Release|Any CPU
		{9D92BAD3-058A-452C-8701-C0E7C3AE268E}.Debug|Any CPU.ActiveCfg = Debug|Any CPU
		{9D92BAD3-058A-452C-8701-C0E7C3AE268E}.Debug|Any CPU.Build.0 = Debug|Any CPU
		{9D92BAD3-058A-452C-8701-C0E7C3AE268E}.Debug|x64.ActiveCfg = Debug|Any CPU
		{9D92BAD3-058A-452C-8701-C0E7C3AE268E}.Debug|x64.Build.0 = Debug|Any CPU
		{9D92BAD3-058A-452C-8701-C0E7C3AE268E}.Debug|x86.ActiveCfg = Debug|Any CPU
		{9D92BAD3-058A-452C-8701-C0E7C3AE268E}.Debug|x86.Build.0 = Debug|Any CPU
		{9D92BAD3-058A-452C-8701-C0E7C3AE268E}.Release|Any CPU.ActiveCfg = Release|Any CPU
		{9D92BAD3-058A-452C-8701-C0E7C3AE268E}.Release|Any CPU.Build.0 = Release|Any CPU
		{9D92BAD3-058A-452C-8701-C0E7C3AE268E}.Release|x64.ActiveCfg = Release|Any CPU
		{9D92BAD3-058A-452C-8701-C0E7C3AE268E}.Release|x64.Build.0 = Release|Any CPU
		{9D92BAD3-058A-452C-8701-C0E7C3AE268E}.Release|x86.ActiveCfg = Release|Any CPU
		{9D92BAD3-058A-452C-8701-C0E7C3AE268E}.Release|x86.Build.0 = Release|Any CPU
		{2A5BA455-1A0F-4B36-998D-0FBDBCF69137}.Debug|Any CPU.ActiveCfg = Debug|Any CPU
		{2A5BA455-1A0F-4B36-998D-0FBDBCF69137}.Debug|Any CPU.Build.0 = Debug|Any CPU
		{2A5BA455-1A0F-4B36-998D-0FBDBCF69137}.Debug|x64.ActiveCfg = Debug|Any CPU
		{2A5BA455-1A0F-4B36-998D-0FBDBCF69137}.Debug|x64.Build.0 = Debug|Any CPU
		{2A5BA455-1A0F-4B36-998D-0FBDBCF69137}.Debug|x86.ActiveCfg = Debug|Any CPU
		{2A5BA455-1A0F-4B36-998D-0FBDBCF69137}.Debug|x86.Build.0 = Debug|Any CPU
		{2A5BA455-1A0F-4B36-998D-0FBDBCF69137}.Release|Any CPU.ActiveCfg = Release|Any CPU
		{2A5BA455-1A0F-4B36-998D-0FBDBCF69137}.Release|Any CPU.Build.0 = Release|Any CPU
		{2A5BA455-1A0F-4B36-998D-0FBDBCF69137}.Release|x64.ActiveCfg = Release|Any CPU
		{2A5BA455-1A0F-4B36-998D-0FBDBCF69137}.Release|x64.Build.0 = Release|Any CPU
		{2A5BA455-1A0F-4B36-998D-0FBDBCF69137}.Release|x86.ActiveCfg = Release|Any CPU
		{2A5BA455-1A0F-4B36-998D-0FBDBCF69137}.Release|x86.Build.0 = Release|Any CPU
		{818BF6BF-9F97-47E5-8AFC-77E3EDA2A5C9}.Debug|Any CPU.ActiveCfg = Debug|Any CPU
		{818BF6BF-9F97-47E5-8AFC-77E3EDA2A5C9}.Debug|Any CPU.Build.0 = Debug|Any CPU
		{818BF6BF-9F97-47E5-8AFC-77E3EDA2A5C9}.Debug|x64.ActiveCfg = Debug|Any CPU
		{818BF6BF-9F97-47E5-8AFC-77E3EDA2A5C9}.Debug|x64.Build.0 = Debug|Any CPU
		{818BF6BF-9F97-47E5-8AFC-77E3EDA2A5C9}.Debug|x86.ActiveCfg = Debug|Any CPU
		{818BF6BF-9F97-47E5-8AFC-77E3EDA2A5C9}.Debug|x86.Build.0 = Debug|Any CPU
		{818BF6BF-9F97-47E5-8AFC-77E3EDA2A5C9}.Release|Any CPU.ActiveCfg = Release|Any CPU
		{818BF6BF-9F97-47E5-8AFC-77E3EDA2A5C9}.Release|Any CPU.Build.0 = Release|Any CPU
		{818BF6BF-9F97-47E5-8AFC-77E3EDA2A5C9}.Release|x64.ActiveCfg = Release|Any CPU
		{818BF6BF-9F97-47E5-8AFC-77E3EDA2A5C9}.Release|x64.Build.0 = Release|Any CPU
		{818BF6BF-9F97-47E5-8AFC-77E3EDA2A5C9}.Release|x86.ActiveCfg = Release|Any CPU
		{818BF6BF-9F97-47E5-8AFC-77E3EDA2A5C9}.Release|x86.Build.0 = Release|Any CPU
	EndGlobalSection
	GlobalSection(SolutionProperties) = preSolution
		HideSolutionNode = FALSE
	EndGlobalSection
	GlobalSection(ExtensibilityGlobals) = postSolution
		SolutionGuid = {792302F2-9E03-46AD-B5B7-F3391E84E1D3}
	EndGlobalSection
	GlobalSection(MonoDevelopProperties) = preSolution
		version = 0.2
	EndGlobalSection
EndGlobal
